{
  "name": "oz-typescript",
  "lockfileVersion": 3,
  "requires": true,
  "packages": {
    "": {
      "dependencies": {
        "ldash": "^0.0.1-security"
      },
      "devDependencies": {
        "typescript": "^5.6.2"
      }
    },
    "node_modules/ldash": {
      "version": "0.0.1-security",
      "resolved": "https://registry.npmjs.org/ldash/-/ldash-0.0.1-security.tgz",
      "integrity": "sha512-+/R9RrZ3JMDoTUazP6ivpPrd69H0M4osELgCnu9rrBOERndh0ojpgjkj31Y+x8JYwjpSXI2j+RxKQPpwDZzbTg=="
    },
    "node_modules/typescript": {
      "version": "5.6.2",
      "resolved": "https://registry.npmjs.org/typescript/-/typescript-5.6.2.tgz",
      "integrity": "sha512-NW8ByodCSNCwZeghjN3o+JX5OFH0Ojg6sadjEKY4huZ52TqbJTJnDo5+Tw98lSy63NZvi4n+ez5m2u5d4PkZyw==",
      "dev": true,
      "bin": {
        "tsc": "bin/tsc",
        "tsserver": "bin/tsserver"
      },
      "engines": {
        "node": ">=14.17"
      }
    }
  }
}
